<Solution>
  <Project Path="API/API.csproj" Id="9ade58e4-506c-4dbd-80ba-b42180f47c04" />
  <Project Path="BusinessLayer/BusinessLayer.csproj" />
  <Project Path="DataAccessLayer/DataAccessLayer.csproj" />
  <Project Path="PresentationLayer/PresentationLayer.csproj" Id="ccaeeaa1-c6a4-44eb-a38f-20a4084e2117" />
</Solution>
